
Microsoft Visual Studio Solution File, Format Version 12.00
# Visual Studio Version 17
VisualStudioVersion = 17.7.34031.279
MinimumVisualStudioVersion = 10.0.40219.1
Project("{9A19103F-16F7-4668-BE54-9A1E7A4F7556}") = "BE_CyberShark", "BE_CyberShark.csproj", "{CD4FE6B6-B7E8-40D4-9902-F60D652A7213}"
EndProject
Global
	GlobalSection(SolutionConfigurationPlatforms) = preSolution
		Debug|Any CPU = Debug|Any CPU
		Release|Any CPU = Release|Any CPU
	EndGlobalSection
	GlobalSection(ProjectConfigurationPlatforms) = postSolution
		{CD4FE6B6-B7E8-40D4-9902-F60D652A7213}.Debug|Any CPU.ActiveCfg = Debug|Any CPU
		{CD4FE6B6-B7E8-40D4-9902-F60D652A7213}.Debug|Any CPU.Build.0 = Debug|Any CPU
		{CD4FE6B6-B7E8-40D4-9902-F60D652A7213}.Release|Any CPU.ActiveCfg = Release|Any CPU
		{CD4FE6B6-B7E8-40D4-9902-F60D652A7213}.Release|Any CPU.Build.0 = Release|Any CPU
	EndGlobalSection
	GlobalSection(SolutionProperties) = preSolution
		HideSolutionNode = FALSE
	EndGlobalSection
	GlobalSection(ExtensibilityGlobals) = postSolution
		SolutionGuid = {6F4683C3-1055-4495-80C2-5E7760A11868}
	EndGlobalSection
EndGlobal
